PODS:
  - MulticastDelegate (0.1.4)

DEPENDENCIES:
  - MulticastDelegate (from `../`)

EXTERNAL SOURCES:
  MulticastDelegate:
    :path: "../"

SPEC CHECKSUMS:
  MulticastDelegate: 7d625a7f0f1270ba1f3ddfa0cbf9c6fef5e3e0f8

PODFILE CHECKSUM: 344ed764bf27cb3415df628f0e67dea4cc3e51af

COCOAPODS: 1.11.3
